
Microsoft Visual Studio Solution File, Format Version 12.00
# Visual Studio Version 17
VisualStudioVersion = 17.0.32126.317
MinimumVisualStudioVersion = 10.0.40219.1
Project("{FAE04EC0-301F-11D3-BF4B-00C04F79EFBC}") = "SindTech.App", "SindTech.App\SindTech.App.csproj", "{5586985D-FBAD-41C9-9E9F-42EC151E75C5}"
EndProject
Project("{FAE04EC0-301F-11D3-BF4B-00C04F79EFBC}") = "SindTech.Business", "SindTech.Business\SindTech.Business.csproj", "{781E6EAB-2F79-4665-90F9-9C5395E57587}"
EndProject
Project("{FAE04EC0-301F-11D3-BF4B-00C04F79EFBC}") = "SindTech.Data", "SindTech.Data\SindTech.Data.csproj", "{A9F11433-7524-4688-8DB3-8AA46E1BB205}"
EndProject
Global
	GlobalSection(SolutionConfigurationPlatforms) = preSolution
		Debug|Any CPU = Debug|Any CPU
		Release|Any CPU = Release|Any CPU
	EndGlobalSection
	GlobalSection(ProjectConfigurationPlatforms) = postSolution
		{5586985D-FBAD-41C9-9E9F-42EC151E75C5}.Debug|Any CPU.ActiveCfg = Debug|Any CPU
		{5586985D-FBAD-41C9-9E9F-42EC151E75C5}.Debug|Any CPU.Build.0 = Debug|Any CPU
		{5586985D-FBAD-41C9-9E9F-42EC151E75C5}.Release|Any CPU.ActiveCfg = Release|Any CPU
		{5586985D-FBAD-41C9-9E9F-42EC151E75C5}.Release|Any CPU.Build.0 = Release|Any CPU
		{781E6EAB-2F79-4665-90F9-9C5395E57587}.Debug|Any CPU.ActiveCfg = Debug|Any CPU
		{781E6EAB-2F79-4665-90F9-9C5395E57587}.Debug|Any CPU.Build.0 = Debug|Any CPU
		{781E6EAB-2F79-4665-90F9-9C5395E57587}.Release|Any CPU.ActiveCfg = Release|Any CPU
		{781E6EAB-2F79-4665-90F9-9C5395E57587}.Release|Any CPU.Build.0 = Release|Any CPU
		{A9F11433-7524-4688-8DB3-8AA46E1BB205}.Debug|Any CPU.ActiveCfg = Debug|Any CPU
		{A9F11433-7524-4688-8DB3-8AA46E1BB205}.Debug|Any CPU.Build.0 = Debug|Any CPU
		{A9F11433-7524-4688-8DB3-8AA46E1BB205}.Release|Any CPU.ActiveCfg = Release|Any CPU
		{A9F11433-7524-4688-8DB3-8AA46E1BB205}.Release|Any CPU.Build.0 = Release|Any CPU
	EndGlobalSection
	GlobalSection(SolutionProperties) = preSolution
		HideSolutionNode = FALSE
	EndGlobalSection
	GlobalSection(ExtensibilityGlobals) = postSolution
		SolutionGuid = {EF43DA62-8DB5-4198-AD91-0B7B406C016A}
	EndGlobalSection
EndGlobal
